
Microsoft Visual Studio Solution File, Format Version 12.00
# Visual Studio Version 17
VisualStudioVersion = 17.14.36623.8
MinimumVisualStudioVersion = 10.0.40219.1
Project("{2150E333-8FDC-42A3-9474-1A3956D46DE8}") = "src", "src", "{827E0CD3-B72D-47B6-A68D-7590B98EB39B}"
EndProject
Project("{2150E333-8FDC-42A3-9474-1A3956D46DE8}") = "BuildingBlocks", "BuildingBlocks", "{90298CBA-BD6F-3A0A-69D5-97CAD7B05E7E}"
EndProject
Project("{FAE04EC0-301F-11D3-BF4B-00C04F79EFBC}") = "LingEdu.BuildingBlocks.Application", "src\BuildingBlocks\LingEdu.BuildingBlocks.Application\LingEdu.BuildingBlocks.Application.csproj", "{6C372B4D-5963-4C52-AD4D-F90FBEE76373}"
EndProject
Project("{FAE04EC0-301F-11D3-BF4B-00C04F79EFBC}") = "LingEdu.BuildingBlocks.Domain", "src\BuildingBlocks\LingEdu.BuildingBlocks.Domain\LingEdu.BuildingBlocks.Domain.csproj", "{3735F839-AF20-47E3-BE77-33CB666E9651}"
EndProject
Project("{FAE04EC0-301F-11D3-BF4B-00C04F79EFBC}") = "LingEdu.BuildingBlocks.Infrastructure", "src\BuildingBlocks\LingEdu.BuildingBlocks.Infrastructure\LingEdu.BuildingBlocks.Infrastructure.csproj", "{F263B989-3EC6-4ACF-9AD5-11B3495EC115}"
EndProject
Project("{2150E333-8FDC-42A3-9474-1A3956D46DE8}") = "Contracts", "Contracts", "{FFBE31B8-50B9-B415-22BC-2F92C97CADA3}"
EndProject
Project("{FAE04EC0-301F-11D3-BF4B-00C04F79EFBC}") = "LingEdu.Contracts", "src\Contracts\LingEdu.Contracts\LingEdu.Contracts.csproj", "{8B53FA80-CD0B-49C7-8E7F-48FD5E5E8413}"
EndProject
Project("{2150E333-8FDC-42A3-9474-1A3956D46DE8}") = "Hosts", "Hosts", "{C79C3622-AC92-5B3C-4F71-0BD0E7B3816F}"
EndProject
Project("{FAE04EC0-301F-11D3-BF4B-00C04F79EFBC}") = "LingEdu.WebApi", "src\Hosts\LingEdu.WebApi\LingEdu.WebApi.csproj", "{536EBFF5-7678-4AFE-AD08-A417CB56A21C}"
EndProject
Project("{2150E333-8FDC-42A3-9474-1A3956D46DE8}") = "Modules", "Modules", "{EC447DCF-ABFA-6E24-52A5-D7FD48A5C558}"
EndProject
Project("{2150E333-8FDC-42A3-9474-1A3956D46DE8}") = "Contests", "Contests", "{A7A8C8C9-A015-398C-4A8F-19265327087F}"
EndProject
Project("{FAE04EC0-301F-11D3-BF4B-00C04F79EFBC}") = "LingEdu.Contests.Application", "src\Modules\Contests\LingEdu.Contests.Application\LingEdu.Contests.Application.csproj", "{E6860213-59F3-4121-9FC2-9547EA5462A9}"
EndProject
Project("{FAE04EC0-301F-11D3-BF4B-00C04F79EFBC}") = "LingEdu.Contests.Domain", "src\Modules\Contests\LingEdu.Contests.Domain\LingEdu.Contests.Domain.csproj", "{F03E5F25-8885-4E7B-9E98-A054F0BC6088}"
EndProject
Project("{FAE04EC0-301F-11D3-BF4B-00C04F79EFBC}") = "LingEdu.Contests.Infrastructure", "src\Modules\Contests\LingEdu.Contests.Infrastructure\LingEdu.Contests.Infrastructure.csproj", "{67DD531B-4EC9-4032-AE92-9ECFC7516290}"
EndProject
Project("{2150E333-8FDC-42A3-9474-1A3956D46DE8}") = "Exercises", "Exercises", "{52553F1D-79D7-FB0E-FF99-50A2880A22BC}"
EndProject
Project("{FAE04EC0-301F-11D3-BF4B-00C04F79EFBC}") = "LingEdu.Exercises.Application", "src\Modules\Exercises\LingEdu.Exercises.Application\LingEdu.Exercises.Application.csproj", "{24BD4C5E-8BCA-4EC2-B802-056B25676183}"
EndProject
Project("{FAE04EC0-301F-11D3-BF4B-00C04F79EFBC}") = "LingEdu.Exercises.Domain", "src\Modules\Exercises\LingEdu.Exercises.Domain\LingEdu.Exercises.Domain.csproj", "{C42D2DC8-FD35-47AD-BA6B-2AD034F65E4B}"
EndProject
Project("{FAE04EC0-301F-11D3-BF4B-00C04F79EFBC}") = "LingEdu.Exercises.Infrastructure", "src\Modules\Exercises\LingEdu.Exercises.Infrastructure\LingEdu.Exercises.Infrastructure.csproj", "{EF857CEF-7154-4400-8C26-8FB85CDDEDF8}"
EndProject
Project("{2150E333-8FDC-42A3-9474-1A3956D46DE8}") = "Localization", "Localization", "{DD990E86-DA83-A215-8BEB-0957C9BDCD04}"
EndProject
Project("{FAE04EC0-301F-11D3-BF4B-00C04F79EFBC}") = "LingEdu.Localization.Application", "src\Modules\Localization\LingEdu.Localization.Application\LingEdu.Localization.Application.csproj", "{A74A91E0-1556-40FA-ACDD-C3DD92A26138}"
EndProject
Project("{FAE04EC0-301F-11D3-BF4B-00C04F79EFBC}") = "LingEdu.Localization.Domain", "src\Modules\Localization\LingEdu.Localization.Domain\LingEdu.Localization.Domain.csproj", "{C4679284-C632-4A0A-A569-CBB78FBC44CA}"
EndProject
Project("{FAE04EC0-301F-11D3-BF4B-00C04F79EFBC}") = "LingEdu.Localization.Infrastructure", "src\Modules\Localization\LingEdu.Localization.Infrastructure\LingEdu.Localization.Infrastructure.csproj", "{D817AB11-27C9-4CED-AC52-FDB8BFD48A9A}"
EndProject
Project("{2150E333-8FDC-42A3-9474-1A3956D46DE8}") = "Ranking", "Ranking", "{BEB4BCE9-D636-BA23-FC0E-0EAEFFEC96F1}"
EndProject
Project("{FAE04EC0-301F-11D3-BF4B-00C04F79EFBC}") = "LingEdu.Ranking.Application", "src\Modules\Ranking\LingEdu.Ranking.Application\LingEdu.Ranking.Application.csproj", "{2910426F-4CF0-4BAC-B328-FD14368F3FAF}"
EndProject
Project("{FAE04EC0-301F-11D3-BF4B-00C04F79EFBC}") = "LingEdu.Ranking.Domain", "src\Modules\Ranking\LingEdu.Ranking.Domain\LingEdu.Ranking.Domain.csproj", "{ADFEEDD7-3595-43D6-9E86-29B0FC9F5F33}"
EndProject
Project("{FAE04EC0-301F-11D3-BF4B-00C04F79EFBC}") = "LingEdu.Ranking.Infrastructure", "src\Modules\Ranking\LingEdu.Ranking.Infrastructure\LingEdu.Ranking.Infrastructure.csproj", "{8B8C7C75-DDC9-4770-A6DB-BF3073A721D2}"
EndProject
Project("{2150E333-8FDC-42A3-9474-1A3956D46DE8}") = "Reports", "Reports", "{3DF52DA8-B83D-8D2B-4D21-700587FC75DB}"
EndProject
Project("{FAE04EC0-301F-11D3-BF4B-00C04F79EFBC}") = "LingEdu.Reports.Application", "src\Modules\Reports\LingEdu.Reports.Application\LingEdu.Reports.Application.csproj", "{E49C7D93-24ED-484F-BB64-8A6DBE7B5026}"
EndProject
Project("{FAE04EC0-301F-11D3-BF4B-00C04F79EFBC}") = "LingEdu.Reports.Domain", "src\Modules\Reports\LingEdu.Reports.Domain\LingEdu.Reports.Domain.csproj", "{104AD330-C6C8-42C3-BF39-77076C567BB9}"
EndProject
Project("{FAE04EC0-301F-11D3-BF4B-00C04F79EFBC}") = "LingEdu.Reports.Infrastructure", "src\Modules\Reports\LingEdu.Reports.Infrastructure\LingEdu.Reports.Infrastructure.csproj", "{B58658D9-C7F7-43A6-9B5C-DE79E503645B}"
EndProject
Project("{2150E333-8FDC-42A3-9474-1A3956D46DE8}") = "Subscriptions", "Subscriptions", "{9193A513-C9A7-7C00-9C5C-879F87873F6E}"
EndProject
Project("{FAE04EC0-301F-11D3-BF4B-00C04F79EFBC}") = "LingEdu.Subscriptions.Application", "src\Modules\Subscriptions\LingEdu.Subscriptions.Application\LingEdu.Subscriptions.Application.csproj", "{C3C28558-2102-47E0-80E5-BE54B13492BB}"
EndProject
Project("{FAE04EC0-301F-11D3-BF4B-00C04F79EFBC}") = "LingEdu.Subscriptions.Domain", "src\Modules\Subscriptions\LingEdu.Subscriptions.Domain\LingEdu.Subscriptions.Domain.csproj", "{3AC208F1-BD66-4DD3-BAF3-66B3358FEA60}"
EndProject
Project("{FAE04EC0-301F-11D3-BF4B-00C04F79EFBC}") = "LingEdu.Subscriptions.Infrastructure", "src\Modules\Subscriptions\LingEdu.Subscriptions.Infrastructure\LingEdu.Subscriptions.Infrastructure.csproj", "{71BB007A-BA53-421C-943C-26EC2C7A0AA2}"
EndProject
Project("{2150E333-8FDC-42A3-9474-1A3956D46DE8}") = "Users", "Users", "{A26F344D-182E-CE53-AD51-2154946AC6F3}"
EndProject
Project("{FAE04EC0-301F-11D3-BF4B-00C04F79EFBC}") = "LingEdu.Users.Application", "src\Modules\Users\LingEdu.Users.Application\LingEdu.Users.Application.csproj", "{98A1176A-D1D8-498C-8ED8-2E8E907D3645}"
EndProject
Project("{FAE04EC0-301F-11D3-BF4B-00C04F79EFBC}") = "LingEdu.Users.Domain", "src\Modules\Users\LingEdu.Users.Domain\LingEdu.Users.Domain.csproj", "{29D83DF1-C0BA-40DD-B612-F21FBF4E95FC}"
EndProject
Project("{FAE04EC0-301F-11D3-BF4B-00C04F79EFBC}") = "LingEdu.Users.Infrastructure", "src\Modules\Users\LingEdu.Users.Infrastructure\LingEdu.Users.Infrastructure.csproj", "{D7825D0C-9395-4931-85D4-FF7366FFE06C}"
EndProject
Project("{2150E333-8FDC-42A3-9474-1A3956D46DE8}") = "tests", "tests", "{0AB3BF05-4346-4AA6-1389-037BE0695223}"
EndProject
Project("{FAE04EC0-301F-11D3-BF4B-00C04F79EFBC}") = "LingEdu.Users.IntegrationTests", "tests\LingEdu.Users.IntegrationTests\LingEdu.Users.IntegrationTests.csproj", "{27662251-6C2C-48BB-A40E-25221598BBF7}"
EndProject
Project("{FAE04EC0-301F-11D3-BF4B-00C04F79EFBC}") = "LingEdu.Users.UnitTests", "tests\LingEdu.Users.UnitTests\LingEdu.Users.UnitTests.csproj", "{3E63BB0D-45F6-4924-9F31-A1D7ED90E2FB}"
EndProject
Global
	GlobalSection(SolutionConfigurationPlatforms) = preSolution
		Debug|Any CPU = Debug|Any CPU
		Debug|x64 = Debug|x64
		Debug|x86 = Debug|x86
		Release|Any CPU = Release|Any CPU
		Release|x64 = Release|x64
		Release|x86 = Release|x86
	EndGlobalSection
	GlobalSection(ProjectConfigurationPlatforms) = postSolution
		{6C372B4D-5963-4C52-AD4D-F90FBEE76373}.Debug|Any CPU.ActiveCfg = Debug|Any CPU
		{6C372B4D-5963-4C52-AD4D-F90FBEE76373}.Debug|Any CPU.Build.0 = Debug|Any CPU
		{6C372B4D-5963-4C52-AD4D-F90FBEE76373}.Debug|x64.ActiveCfg = Debug|Any CPU
		{6C372B4D-5963-4C52-AD4D-F90FBEE76373}.Debug|x64.Build.0 = Debug|Any CPU
		{6C372B4D-5963-4C52-AD4D-F90FBEE76373}.Debug|x86.ActiveCfg = Debug|Any CPU
		{6C372B4D-5963-4C52-AD4D-F90FBEE76373}.Debug|x86.Build.0 = Debug|Any CPU
		{6C372B4D-5963-4C52-AD4D-F90FBEE76373}.Release|Any CPU.ActiveCfg = Release|Any CPU
		{6C372B4D-5963-4C52-AD4D-F90FBEE76373}.Release|Any CPU.Build.0 = Release|Any CPU
		{6C372B4D-5963-4C52-AD4D-F90FBEE76373}.Release|x64.ActiveCfg = Release|Any CPU
		{6C372B4D-5963-4C52-AD4D-F90FBEE76373}.Release|x64.Build.0 = Release|Any CPU
		{6C372B4D-5963-4C52-AD4D-F90FBEE76373}.Release|x86.ActiveCfg = Release|Any CPU
		{6C372B4D-5963-4C52-AD4D-F90FBEE76373}.Release|x86.Build.0 = Release|Any CPU
		{3735F839-AF20-47E3-BE77-33CB666E9651}.Debug|Any CPU.ActiveCfg = Debug|Any CPU
		{3735F839-AF20-47E3-BE77-33CB666E9651}.Debug|Any CPU.Build.0 = Debug|Any CPU
		{3735F839-AF20-47E3-BE77-33CB666E9651}.Debug|x64.ActiveCfg = Debug|Any CPU
		{3735F839-AF20-47E3-BE77-33CB666E9651}.Debug|x64.Build.0 = Debug|Any CPU
		{3735F839-AF20-47E3-BE77-33CB666E9651}.Debug|x86.ActiveCfg = Debug|Any CPU
		{3735F839-AF20-47E3-BE77-33CB666E9651}.Debug|x86.Build.0 = Debug|Any CPU
		{3735F839-AF20-47E3-BE77-33CB666E9651}.Release|Any CPU.ActiveCfg = Release|Any CPU
		{3735F839-AF20-47E3-BE77-33CB666E9651}.Release|Any CPU.Build.0 = Release|Any CPU
		{3735F839-AF20-47E3-BE77-33CB666E9651}.Release|x64.ActiveCfg = Release|Any CPU
		{3735F839-AF20-47E3-BE77-33CB666E9651}.Release|x64.Build.0 = Release|Any CPU
		{3735F839-AF20-47E3-BE77-33CB666E9651}.Release|x86.ActiveCfg = Release|Any CPU
		{3735F839-AF20-47E3-BE77-33CB666E9651}.Release|x86.Build.0 = Release|Any CPU
		{F263B989-3EC6-4ACF-9AD5-11B3495EC115}.Debug|Any CPU.ActiveCfg = Debug|Any CPU
		{F263B989-3EC6-4ACF-9AD5-11B3495EC115}.Debug|Any CPU.Build.0 = Debug|Any CPU
		{F263B989-3EC6-4ACF-9AD5-11B3495EC115}.Debug|x64.ActiveCfg = Debug|Any CPU
		{F263B989-3EC6-4ACF-9AD5-11B3495EC115}.Debug|x64.Build.0 = Debug|Any CPU
		{F263B989-3EC6-4ACF-9AD5-11B3495EC115}.Debug|x86.ActiveCfg = Debug|Any CPU
		{F263B989-3EC6-4ACF-9AD5-11B3495EC115}.Debug|x86.Build.0 = Debug|Any CPU
		{F263B989-3EC6-4ACF-9AD5-11B3495EC115}.Release|Any CPU.ActiveCfg = Release|Any CPU
		{F263B989-3EC6-4ACF-9AD5-11B3495EC115}.Release|Any CPU.Build.0 = Release|Any CPU
		{F263B989-3EC6-4ACF-9AD5-11B3495EC115}.Release|x64.ActiveCfg = Release|Any CPU
		{F263B989-3EC6-4ACF-9AD5-11B3495EC115}.Release|x64.Build.0 = Release|Any CPU
		{F263B989-3EC6-4ACF-9AD5-11B3495EC115}.Release|x86.ActiveCfg = Release|Any CPU
		{F263B989-3EC6-4ACF-9AD5-11B3495EC115}.Release|x86.Build.0 = Release|Any CPU
		{8B53FA80-CD0B-49C7-8E7F-48FD5E5E8413}.Debug|Any CPU.ActiveCfg = Debug|Any CPU
		{8B53FA80-CD0B-49C7-8E7F-48FD5E5E8413}.Debug|Any CPU.Build.0 = Debug|Any CPU
		{8B53FA80-CD0B-49C7-8E7F-48FD5E5E8413}.Debug|x64.ActiveCfg = Debug|Any CPU
		{8B53FA80-CD0B-49C7-8E7F-48FD5E5E8413}.Debug|x64.Build.0 = Debug|Any CPU
		{8B53FA80-CD0B-49C7-8E7F-48FD5E5E8413}.Debug|x86.ActiveCfg = Debug|Any CPU
		{8B53FA80-CD0B-49C7-8E7F-48FD5E5E8413}.Debug|x86.Build.0 = Debug|Any CPU
		{8B53FA80-CD0B-49C7-8E7F-48FD5E5E8413}.Release|Any CPU.ActiveCfg = Release|Any CPU
		{8B53FA80-CD0B-49C7-8E7F-48FD5E5E8413}.Release|Any CPU.Build.0 = Release|Any CPU
		{8B53FA80-CD0B-49C7-8E7F-48FD5E5E8413}.Release|x64.ActiveCfg = Release|Any CPU
		{8B53FA80-CD0B-49C7-8E7F-48FD5E5E8413}.Release|x64.Build.0 = Release|Any CPU
		{8B53FA80-CD0B-49C7-8E7F-48FD5E5E8413}.Release|x86.ActiveCfg = Release|Any CPU
		{8B53FA80-CD0B-49C7-8E7F-48FD5E5E8413}.Release|x86.Build.0 = Release|Any CPU
		{536EBFF5-7678-4AFE-AD08-A417CB56A21C}.Debug|Any CPU.ActiveCfg = Debug|Any CPU
		{536EBFF5-7678-4AFE-AD08-A417CB56A21C}.Debug|Any CPU.Build.0 = Debug|Any CPU
		{536EBFF5-7678-4AFE-AD08-A417CB56A21C}.Debug|x64.ActiveCfg = Debug|Any CPU
		{536EBFF5-7678-4AFE-AD08-A417CB56A21C}.Debug|x64.Build.0 = Debug|Any CPU
		{536EBFF5-7678-4AFE-AD08-A417CB56A21C}.Debug|x86.ActiveCfg = Debug|Any CPU
		{536EBFF5-7678-4AFE-AD08-A417CB56A21C}.Debug|x86.Build.0 = Debug|Any CPU
		{536EBFF5-7678-4AFE-AD08-A417CB56A21C}.Release|Any CPU.ActiveCfg = Release|Any CPU
		{536EBFF5-7678-4AFE-AD08-A417CB56A21C}.Release|Any CPU.Build.0 = Release|Any CPU
		{536EBFF5-7678-4AFE-AD08-A417CB56A21C}.Release|x64.ActiveCfg = Release|Any CPU
		{536EBFF5-7678-4AFE-AD08-A417CB56A21C}.Release|x64.Build.0 = Release|Any CPU
		{536EBFF5-7678-4AFE-AD08-A417CB56A21C}.Release|x86.ActiveCfg = Release|Any CPU
		{536EBFF5-7678-4AFE-AD08-A417CB56A21C}.Release|x86.Build.0 = Release|Any CPU
		{E6860213-59F3-4121-9FC2-9547EA5462A9}.Debug|Any CPU.ActiveCfg = Debug|Any CPU
		{E6860213-59F3-4121-9FC2-9547EA5462A9}.Debug|Any CPU.Build.0 = Debug|Any CPU
		{E6860213-59F3-4121-9FC2-9547EA5462A9}.Debug|x64.ActiveCfg = Debug|Any CPU
		{E6860213-59F3-4121-9FC2-9547EA5462A9}.Debug|x64.Build.0 = Debug|Any CPU
		{E6860213-59F3-4121-9FC2-9547EA5462A9}.Debug|x86.ActiveCfg = Debug|Any CPU
		{E6860213-59F3-4121-9FC2-9547EA5462A9}.Debug|x86.Build.0 = Debug|Any CPU
		{E6860213-59F3-4121-9FC2-9547EA5462A9}.Release|Any CPU.ActiveCfg = Release|Any CPU
		{E6860213-59F3-4121-9FC2-9547EA5462A9}.Release|Any CPU.Build.0 = Release|Any CPU
		{E6860213-59F3-4121-9FC2-9547EA5462A9}.Release|x64.ActiveCfg = Release|Any CPU
		{E6860213-59F3-4121-9FC2-9547EA5462A9}.Release|x64.Build.0 = Release|Any CPU
		{E6860213-59F3-4121-9FC2-9547EA5462A9}.Release|x86.ActiveCfg = Release|Any CPU
		{E6860213-59F3-4121-9FC2-9547EA5462A9}.Release|x86.Build.0 = Release|Any CPU
		{F03E5F25-8885-4E7B-9E98-A054F0BC6088}.Debug|Any CPU.ActiveCfg = Debug|Any CPU
		{F03E5F25-8885-4E7B-9E98-A054F0BC6088}.Debug|Any CPU.Build.0 = Debug|Any CPU
		{F03E5F25-8885-4E7B-9E98-A054F0BC6088}.Debug|x64.ActiveCfg = Debug|Any CPU
		{F03E5F25-8885-4E7B-9E98-A054F0BC6088}.Debug|x64.Build.0 = Debug|Any CPU
		{F03E5F25-8885-4E7B-9E98-A054F0BC6088}.Debug|x86.ActiveCfg = Debug|Any CPU
		{F03E5F25-8885-4E7B-9E98-A054F0BC6088}.Debug|x86.Build.0 = Debug|Any CPU
		{F03E5F25-8885-4E7B-9E98-A054F0BC6088}.Release|Any CPU.ActiveCfg = Release|Any CPU
		{F03E5F25-8885-4E7B-9E98-A054F0BC6088}.Release|Any CPU.Build.0 = Release|Any CPU
		{F03E5F25-8885-4E7B-9E98-A054F0BC6088}.Release|x64.ActiveCfg = Release|Any CPU
		{F03E5F25-8885-4E7B-9E98-A054F0BC6088}.Release|x64.Build.0 = Release|Any CPU
		{F03E5F25-8885-4E7B-9E98-A054F0BC6088}.Release|x86.ActiveCfg = Release|Any CPU
		{F03E5F25-8885-4E7B-9E98-A054F0BC6088}.Release|x86.Build.0 = Release|Any CPU
		{67DD531B-4EC9-4032-AE92-9ECFC7516290}.Debug|Any CPU.ActiveCfg = Debug|Any CPU
		{67DD531B-4EC9-4032-AE92-9ECFC7516290}.Debug|Any CPU.Build.0 = Debug|Any CPU
		{67DD531B-4EC9-4032-AE92-9ECFC7516290}.Debug|x64.ActiveCfg = Debug|Any CPU
		{67DD531B-4EC9-4032-AE92-9ECFC7516290}.Debug|x64.Build.0 = Debug|Any CPU
		{67DD531B-4EC9-4032-AE92-9ECFC7516290}.Debug|x86.ActiveCfg = Debug|Any CPU
		{67DD531B-4EC9-4032-AE92-9ECFC7516290}.Debug|x86.Build.0 = Debug|Any CPU
		{67DD531B-4EC9-4032-AE92-9ECFC7516290}.Release|Any CPU.ActiveCfg = Release|Any CPU
		{67DD531B-4EC9-4032-AE92-9ECFC7516290}.Release|Any CPU.Build.0 = Release|Any CPU
		{67DD531B-4EC9-4032-AE92-9ECFC7516290}.Release|x64.ActiveCfg = Release|Any CPU
		{67DD531B-4EC9-4032-AE92-9ECFC7516290}.Release|x64.Build.0 = Release|Any CPU
		{67DD531B-4EC9-4032-AE92-9ECFC7516290}.Release|x86.ActiveCfg = Release|Any CPU
		{67DD531B-4EC9-4032-AE92-9ECFC7516290}.Release|x86.Build.0 = Release|Any CPU
		{24BD4C5E-8BCA-4EC2-B802-056B25676183}.Debug|Any CPU.ActiveCfg = Debug|Any CPU
		{24BD4C5E-8BCA-4EC2-B802-056B25676183}.Debug|Any CPU.Build.0 = Debug|Any CPU
		{24BD4C5E-8BCA-4EC2-B802-056B25676183}.Debug|x64.ActiveCfg = Debug|Any CPU
		{24BD4C5E-8BCA-4EC2-B802-056B25676183}.Debug|x64.Build.0 = Debug|Any CPU
		{24BD4C5E-8BCA-4EC2-B802-056B25676183}.Debug|x86.ActiveCfg = Debug|Any CPU
		{24BD4C5E-8BCA-4EC2-B802-056B25676183}.Debug|x86.Build.0 = Debug|Any CPU
		{24BD4C5E-8BCA-4EC2-B802-056B25676183}.Release|Any CPU.ActiveCfg = Release|Any CPU
		{24BD4C5E-8BCA-4EC2-B802-056B25676183}.Release|Any CPU.Build.0 = Release|Any CPU
		{24BD4C5E-8BCA-4EC2-B802-056B25676183}.Release|x64.ActiveCfg = Release|Any CPU
		{24BD4C5E-8BCA-4EC2-B802-056B25676183}.Release|x64.Build.0 = Release|Any CPU
		{24BD4C5E-8BCA-4EC2-B802-056B25676183}.Release|x86.ActiveCfg = Release|Any CPU
		{24BD4C5E-8BCA-4EC2-B802-056B25676183}.Release|x86.Build.0 = Release|Any CPU
		{C42D2DC8-FD35-47AD-BA6B-2AD034F65E4B}.Debug|Any CPU.ActiveCfg = Debug|Any CPU
		{C42D2DC8-FD35-47AD-BA6B-2AD034F65E4B}.Debug|Any CPU.Build.0 = Debug|Any CPU
		{C42D2DC8-FD35-47AD-BA6B-2AD034F65E4B}.Debug|x64.ActiveCfg = Debug|Any CPU
		{C42D2DC8-FD35-47AD-BA6B-2AD034F65E4B}.Debug|x64.Build.0 = Debug|Any CPU
		{C42D2DC8-FD35-47AD-BA6B-2AD034F65E4B}.Debug|x86.ActiveCfg = Debug|Any CPU
		{C42D2DC8-FD35-47AD-BA6B-2AD034F65E4B}.Debug|x86.Build.0 = Debug|Any CPU
		{C42D2DC8-FD35-47AD-BA6B-2AD034F65E4B}.Release|Any CPU.ActiveCfg = Release|Any CPU
		{C42D2DC8-FD35-47AD-BA6B-2AD034F65E4B}.Release|Any CPU.Build.0 = Release|Any CPU
		{C42D2DC8-FD35-47AD-BA6B-2AD034F65E4B}.Release|x64.ActiveCfg = Release|Any CPU
		{C42D2DC8-FD35-47AD-BA6B-2AD034F65E4B}.Release|x64.Build.0 = Release|Any CPU
		{C42D2DC8-FD35-47AD-BA6B-2AD034F65E4B}.Release|x86.ActiveCfg = Release|Any CPU
		{C42D2DC8-FD35-47AD-BA6B-2AD034F65E4B}.Release|x86.Build.0 = Release|Any CPU
		{EF857CEF-7154-4400-8C26-8FB85CDDEDF8}.Debug|Any CPU.ActiveCfg = Debug|Any CPU
		{EF857CEF-7154-4400-8C26-8FB85CDDEDF8}.Debug|Any CPU.Build.0 = Debug|Any CPU
		{EF857CEF-7154-4400-8C26-8FB85CDDEDF8}.Debug|x64.ActiveCfg = Debug|Any CPU
		{EF857CEF-7154-4400-8C26-8FB85CDDEDF8}.Debug|x64.Build.0 = Debug|Any CPU
		{EF857CEF-7154-4400-8C26-8FB85CDDEDF8}.Debug|x86.ActiveCfg = Debug|Any CPU
		{EF857CEF-7154-4400-8C26-8FB85CDDEDF8}.Debug|x86.Build.0 = Debug|Any CPU
		{EF857CEF-7154-4400-8C26-8FB85CDDEDF8}.Release|Any CPU.ActiveCfg = Release|Any CPU
		{EF857CEF-7154-4400-8C26-8FB85CDDEDF8}.Release|Any CPU.Build.0 = Release|Any CPU
		{EF857CEF-7154-4400-8C26-8FB85CDDEDF8}.Release|x64.ActiveCfg = Release|Any CPU
		{EF857CEF-7154-4400-8C26-8FB85CDDEDF8}.Release|x64.Build.0 = Release|Any CPU
		{EF857CEF-7154-4400-8C26-8FB85CDDEDF8}.Release|x86.ActiveCfg = Release|Any CPU
		{EF857CEF-7154-4400-8C26-8FB85CDDEDF8}.Release|x86.Build.0 = Release|Any CPU
		{A74A91E0-1556-40FA-ACDD-C3DD92A26138}.Debug|Any CPU.ActiveCfg = Debug|Any CPU
		{A74A91E0-1556-40FA-ACDD-C3DD92A26138}.Debug|Any CPU.Build.0 = Debug|Any CPU
		{A74A91E0-1556-40FA-ACDD-C3DD92A26138}.Debug|x64.ActiveCfg = Debug|Any CPU
		{A74A91E0-1556-40FA-ACDD-C3DD92A26138}.Debug|x64.Build.0 = Debug|Any CPU
		{A74A91E0-1556-40FA-ACDD-C3DD92A26138}.Debug|x86.ActiveCfg = Debug|Any CPU
		{A74A91E0-1556-40FA-ACDD-C3DD92A26138}.Debug|x86.Build.0 = Debug|Any CPU
		{A74A91E0-1556-40FA-ACDD-C3DD92A26138}.Release|Any CPU.ActiveCfg = Release|Any CPU
		{A74A91E0-1556-40FA-ACDD-C3DD92A26138}.Release|Any CPU.Build.0 = Release|Any CPU
		{A74A91E0-1556-40FA-ACDD-C3DD92A26138}.Release|x64.ActiveCfg = Release|Any CPU
		{A74A91E0-1556-40FA-ACDD-C3DD92A26138}.Release|x64.Build.0 = Release|Any CPU
		{A74A91E0-1556-40FA-ACDD-C3DD92A26138}.Release|x86.ActiveCfg = Release|Any CPU
		{A74A91E0-1556-40FA-ACDD-C3DD92A26138}.Release|x86.Build.0 = Release|Any CPU
		{C4679284-C632-4A0A-A569-CBB78FBC44CA}.Debug|Any CPU.ActiveCfg = Debug|Any CPU
		{C4679284-C632-4A0A-A569-CBB78FBC44CA}.Debug|Any CPU.Build.0 = Debug|Any CPU
		{C4679284-C632-4A0A-A569-CBB78FBC44CA}.Debug|x64.ActiveCfg = Debug|Any CPU
		{C4679284-C632-4A0A-A569-CBB78FBC44CA}.Debug|x64.Build.0 = Debug|Any CPU
		{C4679284-C632-4A0A-A569-CBB78FBC44CA}.Debug|x86.ActiveCfg = Debug|Any CPU
		{C4679284-C632-4A0A-A569-CBB78FBC44CA}.Debug|x86.Build.0 = Debug|Any CPU
		{C4679284-C632-4A0A-A569-CBB78FBC44CA}.Release|Any CPU.ActiveCfg = Release|Any CPU
		{C4679284-C632-4A0A-A569-CBB78FBC44CA}.Release|Any CPU.Build.0 = Release|Any CPU
		{C4679284-C632-4A0A-A569-CBB78FBC44CA}.Release|x64.ActiveCfg = Release|Any CPU
		{C4679284-C632-4A0A-A569-CBB78FBC44CA}.Release|x64.Build.0 = Release|Any CPU
		{C4679284-C632-4A0A-A569-CBB78FBC44CA}.Release|x86.ActiveCfg = Release|Any CPU
		{C4679284-C632-4A0A-A569-CBB78FBC44CA}.Release|x86.Build.0 = Release|Any CPU
		{D817AB11-27C9-4CED-AC52-FDB8BFD48A9A}.Debug|Any CPU.ActiveCfg = Debug|Any CPU
		{D817AB11-27C9-4CED-AC52-FDB8BFD48A9A}.Debug|Any CPU.Build.0 = Debug|Any CPU
		{D817AB11-27C9-4CED-AC52-FDB8BFD48A9A}.Debug|x64.ActiveCfg = Debug|Any CPU
		{D817AB11-27C9-4CED-AC52-FDB8BFD48A9A}.Debug|x64.Build.0 = Debug|Any CPU
		{D817AB11-27C9-4CED-AC52-FDB8BFD48A9A}.Debug|x86.ActiveCfg = Debug|Any CPU
		{D817AB11-27C9-4CED-AC52-FDB8BFD48A9A}.Debug|x86.Build.0 = Debug|Any CPU
		{D817AB11-27C9-4CED-AC52-FDB8BFD48A9A}.Release|Any CPU.ActiveCfg = Release|Any CPU
		{D817AB11-27C9-4CED-AC52-FDB8BFD48A9A}.Release|Any CPU.Build.0 = Release|Any CPU
		{D817AB11-27C9-4CED-AC52-FDB8BFD48A9A}.Release|x64.ActiveCfg = Release|Any CPU
		{D817AB11-27C9-4CED-AC52-FDB8BFD48A9A}.Release|x64.Build.0 = Release|Any CPU
		{D817AB11-27C9-4CED-AC52-FDB8BFD48A9A}.Release|x86.ActiveCfg = Release|Any CPU
		{D817AB11-27C9-4CED-AC52-FDB8BFD48A9A}.Release|x86.Build.0 = Release|Any CPU
		{2910426F-4CF0-4BAC-B328-FD14368F3FAF}.Debug|Any CPU.ActiveCfg = Debug|Any CPU
		{2910426F-4CF0-4BAC-B328-FD14368F3FAF}.Debug|Any CPU.Build.0 = Debug|Any CPU
		{2910426F-4CF0-4BAC-B328-FD14368F3FAF}.Debug|x64.ActiveCfg = Debug|Any CPU
		{2910426F-4CF0-4BAC-B328-FD14368F3FAF}.Debug|x64.Build.0 = Debug|Any CPU
		{2910426F-4CF0-4BAC-B328-FD14368F3FAF}.Debug|x86.ActiveCfg = Debug|Any CPU
		{2910426F-4CF0-4BAC-B328-FD14368F3FAF}.Debug|x86.Build.0 = Debug|Any CPU
		{2910426F-4CF0-4BAC-B328-FD14368F3FAF}.Release|Any CPU.ActiveCfg = Release|Any CPU
		{2910426F-4CF0-4BAC-B328-FD14368F3FAF}.Release|Any CPU.Build.0 = Release|Any CPU
		{2910426F-4CF0-4BAC-B328-FD14368F3FAF}.Release|x64.ActiveCfg = Release|Any CPU
		{2910426F-4CF0-4BAC-B328-FD14368F3FAF}.Release|x64.Build.0 = Release|Any CPU
		{2910426F-4CF0-4BAC-B328-FD14368F3FAF}.Release|x86.ActiveCfg = Release|Any CPU
		{2910426F-4CF0-4BAC-B328-FD14368F3FAF}.Release|x86.Build.0 = Release|Any CPU
		{ADFEEDD7-3595-43D6-9E86-29B0FC9F5F33}.Debug|Any CPU.ActiveCfg = Debug|Any CPU
		{ADFEEDD7-3595-43D6-9E86-29B0FC9F5F33}.Debug|Any CPU.Build.0 = Debug|Any CPU
		{ADFEEDD7-3595-43D6-9E86-29B0FC9F5F33}.Debug|x64.ActiveCfg = Debug|Any CPU
		{ADFEEDD7-3595-43D6-9E86-29B0FC9F5F33}.Debug|x64.Build.0 = Debug|Any CPU
		{ADFEEDD7-3595-43D6-9E86-29B0FC9F5F33}.Debug|x86.ActiveCfg = Debug|Any CPU
		{ADFEEDD7-3595-43D6-9E86-29B0FC9F5F33}.Debug|x86.Build.0 = Debug|Any CPU
		{ADFEEDD7-3595-43D6-9E86-29B0FC9F5F33}.Release|Any CPU.ActiveCfg = Release|Any CPU
		{ADFEEDD7-3595-43D6-9E86-29B0FC9F5F33}.Release|Any CPU.Build.0 = Release|Any CPU
		{ADFEEDD7-3595-43D6-9E86-29B0FC9F5F33}.Release|x64.ActiveCfg = Release|Any CPU
		{ADFEEDD7-3595-43D6-9E86-29B0FC9F5F33}.Release|x64.Build.0 = Release|Any CPU
		{ADFEEDD7-3595-43D6-9E86-29B0FC9F5F33}.Release|x86.ActiveCfg = Release|Any CPU
		{ADFEEDD7-3595-43D6-9E86-29B0FC9F5F33}.Release|x86.Build.0 = Release|Any CPU
		{8B8C7C75-DDC9-4770-A6DB-BF3073A721D2}.Debug|Any CPU.ActiveCfg = Debug|Any CPU
		{8B8C7C75-DDC9-4770-A6DB-BF3073A721D2}.Debug|Any CPU.Build.0 = Debug|Any CPU
		{8B8C7C75-DDC9-4770-A6DB-BF3073A721D2}.Debug|x64.ActiveCfg = Debug|Any CPU
		{8B8C7C75-DDC9-4770-A6DB-BF3073A721D2}.Debug|x64.Build.0 = Debug|Any CPU
		{8B8C7C75-DDC9-4770-A6DB-BF3073A721D2}.Debug|x86.ActiveCfg = Debug|Any CPU
		{8B8C7C75-DDC9-4770-A6DB-BF3073A721D2}.Debug|x86.Build.0 = Debug|Any CPU
		{8B8C7C75-DDC9-4770-A6DB-BF3073A721D2}.Release|Any CPU.ActiveCfg = Release|Any CPU
		{8B8C7C75-DDC9-4770-A6DB-BF3073A721D2}.Release|Any CPU.Build.0 = Release|Any CPU
		{8B8C7C75-DDC9-4770-A6DB-BF3073A721D2}.Release|x64.ActiveCfg = Release|Any CPU
		{8B8C7C75-DDC9-4770-A6DB-BF3073A721D2}.Release|x64.Build.0 = Release|Any CPU
		{8B8C7C75-DDC9-4770-A6DB-BF3073A721D2}.Release|x86.ActiveCfg = Release|Any CPU
		{8B8C7C75-DDC9-4770-A6DB-BF3073A721D2}.Release|x86.Build.0 = Release|Any CPU
		{E49C7D93-24ED-484F-BB64-8A6DBE7B5026}.Debug|Any CPU.ActiveCfg = Debug|Any CPU
		{E49C7D93-24ED-484F-BB64-8A6DBE7B5026}.Debug|Any CPU.Build.0 = Debug|Any CPU
		{E49C7D93-24ED-484F-BB64-8A6DBE7B5026}.Debug|x64.ActiveCfg = Debug|Any CPU
		{E49C7D93-24ED-484F-BB64-8A6DBE7B5026}.Debug|x64.Build.0 = Debug|Any CPU
		{E49C7D93-24ED-484F-BB64-8A6DBE7B5026}.Debug|x86.ActiveCfg = Debug|Any CPU
		{E49C7D93-24ED-484F-BB64-8A6DBE7B5026}.Debug|x86.Build.0 = Debug|Any CPU
		{E49C7D93-24ED-484F-BB64-8A6DBE7B5026}.Release|Any CPU.ActiveCfg = Release|Any CPU
		{E49C7D93-24ED-484F-BB64-8A6DBE7B5026}.Release|Any CPU.Build.0 = Release|Any CPU
		{E49C7D93-24ED-484F-BB64-8A6DBE7B5026}.Release|x64.ActiveCfg = Release|Any CPU
		{E49C7D93-24ED-484F-BB64-8A6DBE7B5026}.Release|x64.Build.0 = Release|Any CPU
		{E49C7D93-24ED-484F-BB64-8A6DBE7B5026}.Release|x86.ActiveCfg = Release|Any CPU
		{E49C7D93-24ED-484F-BB64-8A6DBE7B5026}.Release|x86.Build.0 = Release|Any CPU
		{104AD330-C6C8-42C3-BF39-77076C567BB9}.Debug|Any CPU.ActiveCfg = Debug|Any CPU
		{104AD330-C6C8-42C3-BF39-77076C567BB9}.Debug|Any CPU.Build.0 = Debug|Any CPU
		{104AD330-C6C8-42C3-BF39-77076C567BB9}.Debug|x64.ActiveCfg = Debug|Any CPU
		{104AD330-C6C8-42C3-BF39-77076C567BB9}.Debug|x64.Build.0 = Debug|Any CPU
		{104AD330-C6C8-42C3-BF39-77076C567BB9}.Debug|x86.ActiveCfg = Debug|Any CPU
		{104AD330-C6C8-42C3-BF39-77076C567BB9}.Debug|x86.Build.0 = Debug|Any CPU
		{104AD330-C6C8-42C3-BF39-77076C567BB9}.Release|Any CPU.ActiveCfg = Release|Any CPU
		{104AD330-C6C8-42C3-BF39-77076C567BB9}.Release|Any CPU.Build.0 = Release|Any CPU
		{104AD330-C6C8-42C3-BF39-77076C567BB9}.Release|x64.ActiveCfg = Release|Any CPU
		{104AD330-C6C8-42C3-BF39-77076C567BB9}.Release|x64.Build.0 = Release|Any CPU
		{104AD330-C6C8-42C3-BF39-77076C567BB9}.Release|x86.ActiveCfg = Release|Any CPU
		{104AD330-C6C8-42C3-BF39-77076C567BB9}.Release|x86.Build.0 = Release|Any CPU
		{B58658D9-C7F7-43A6-9B5C-DE79E503645B}.Debug|Any CPU.ActiveCfg = Debug|Any CPU
		{B58658D9-C7F7-43A6-9B5C-DE79E503645B}.Debug|Any CPU.Build.0 = Debug|Any CPU
		{B58658D9-C7F7-43A6-9B5C-DE79E503645B}.Debug|x64.ActiveCfg = Debug|Any CPU
		{B58658D9-C7F7-43A6-9B5C-DE79E503645B}.Debug|x64.Build.0 = Debug|Any CPU
		{B58658D9-C7F7-43A6-9B5C-DE79E503645B}.Debug|x86.ActiveCfg = Debug|Any CPU
		{B58658D9-C7F7-43A6-9B5C-DE79E503645B}.Debug|x86.Build.0 = Debug|Any CPU
		{B58658D9-C7F7-43A6-9B5C-DE79E503645B}.Release|Any CPU.ActiveCfg = Release|Any CPU
		{B58658D9-C7F7-43A6-9B5C-DE79E503645B}.Release|Any CPU.Build.0 = Release|Any CPU
		{B58658D9-C7F7-43A6-9B5C-DE79E503645B}.Release|x64.ActiveCfg = Release|Any CPU
		{B58658D9-C7F7-43A6-9B5C-DE79E503645B}.Release|x64.Build.0 = Release|Any CPU
		{B58658D9-C7F7-43A6-9B5C-DE79E503645B}.Release|x86.ActiveCfg = Release|Any CPU
		{B58658D9-C7F7-43A6-9B5C-DE79E503645B}.Release|x86.Build.0 = Release|Any CPU
		{C3C28558-2102-47E0-80E5-BE54B13492BB}.Debug|Any CPU.ActiveCfg = Debug|Any CPU
		{C3C28558-2102-47E0-80E5-BE54B13492BB}.Debug|Any CPU.Build.0 = Debug|Any CPU
		{C3C28558-2102-47E0-80E5-BE54B13492BB}.Debug|x64.ActiveCfg = Debug|Any CPU
		{C3C28558-2102-47E0-80E5-BE54B13492BB}.Debug|x64.Build.0 = Debug|Any CPU
		{C3C28558-2102-47E0-80E5-BE54B13492BB}.Debug|x86.ActiveCfg = Debug|Any CPU
		{C3C28558-2102-47E0-80E5-BE54B13492BB}.Debug|x86.Build.0 = Debug|Any CPU
		{C3C28558-2102-47E0-80E5-BE54B13492BB}.Release|Any CPU.ActiveCfg = Release|Any CPU
		{C3C28558-2102-47E0-80E5-BE54B13492BB}.Release|Any CPU.Build.0 = Release|Any CPU
		{C3C28558-2102-47E0-80E5-BE54B13492BB}.Release|x64.ActiveCfg = Release|Any CPU
		{C3C28558-2102-47E0-80E5-BE54B13492BB}.Release|x64.Build.0 = Release|Any CPU
		{C3C28558-2102-47E0-80E5-BE54B13492BB}.Release|x86.ActiveCfg = Release|Any CPU
		{C3C28558-2102-47E0-80E5-BE54B13492BB}.Release|x86.Build.0 = Release|Any CPU
		{3AC208F1-BD66-4DD3-BAF3-66B3358FEA60}.Debug|Any CPU.ActiveCfg = Debug|Any CPU
		{3AC208F1-BD66-4DD3-BAF3-66B3358FEA60}.Debug|Any CPU.Build.0 = Debug|Any CPU
		{3AC208F1-BD66-4DD3-BAF3-66B3358FEA60}.Debug|x64.ActiveCfg = Debug|Any CPU
		{3AC208F1-BD66-4DD3-BAF3-66B3358FEA60}.Debug|x64.Build.0 = Debug|Any CPU
		{3AC208F1-BD66-4DD3-BAF3-66B3358FEA60}.Debug|x86.ActiveCfg = Debug|Any CPU
		{3AC208F1-BD66-4DD3-BAF3-66B3358FEA60}.Debug|x86.Build.0 = Debug|Any CPU
		{3AC208F1-BD66-4DD3-BAF3-66B3358FEA60}.Release|Any CPU.ActiveCfg = Release|Any CPU
		{3AC208F1-BD66-4DD3-BAF3-66B3358FEA60}.Release|Any CPU.Build.0 = Release|Any CPU
		{3AC208F1-BD66-4DD3-BAF3-66B3358FEA60}.Release|x64.ActiveCfg = Release|Any CPU
		{3AC208F1-BD66-4DD3-BAF3-66B3358FEA60}.Release|x64.Build.0 = Release|Any CPU
		{3AC208F1-BD66-4DD3-BAF3-66B3358FEA60}.Release|x86.ActiveCfg = Release|Any CPU
		{3AC208F1-BD66-4DD3-BAF3-66B3358FEA60}.Release|x86.Build.0 = Release|Any CPU
		{71BB007A-BA53-421C-943C-26EC2C7A0AA2}.Debug|Any CPU.ActiveCfg = Debug|Any CPU
		{71BB007A-BA53-421C-943C-26EC2C7A0AA2}.Debug|Any CPU.Build.0 = Debug|Any CPU
		{71BB007A-BA53-421C-943C-26EC2C7A0AA2}.Debug|x64.ActiveCfg = Debug|Any CPU
		{71BB007A-BA53-421C-943C-26EC2C7A0AA2}.Debug|x64.Build.0 = Debug|Any CPU
		{71BB007A-BA53-421C-943C-26EC2C7A0AA2}.Debug|x86.ActiveCfg = Debug|Any CPU
		{71BB007A-BA53-421C-943C-26EC2C7A0AA2}.Debug|x86.Build.0 = Debug|Any CPU
		{71BB007A-BA53-421C-943C-26EC2C7A0AA2}.Release|Any CPU.ActiveCfg = Release|Any CPU
		{71BB007A-BA53-421C-943C-26EC2C7A0AA2}.Release|Any CPU.Build.0 = Release|Any CPU
		{71BB007A-BA53-421C-943C-26EC2C7A0AA2}.Release|x64.ActiveCfg = Release|Any CPU
		{71BB007A-BA53-421C-943C-26EC2C7A0AA2}.Release|x64.Build.0 = Release|Any CPU
		{71BB007A-BA53-421C-943C-26EC2C7A0AA2}.Release|x86.ActiveCfg = Release|Any CPU
		{71BB007A-BA53-421C-943C-26EC2C7A0AA2}.Release|x86.Build.0 = Release|Any CPU
		{98A1176A-D1D8-498C-8ED8-2E8E907D3645}.Debug|Any CPU.ActiveCfg = Debug|Any CPU
		{98A1176A-D1D8-498C-8ED8-2E8E907D3645}.Debug|Any CPU.Build.0 = Debug|Any CPU
		{98A1176A-D1D8-498C-8ED8-2E8E907D3645}.Debug|x64.ActiveCfg = Debug|Any CPU
		{98A1176A-D1D8-498C-8ED8-2E8E907D3645}.Debug|x64.Build.0 = Debug|Any CPU
		{98A1176A-D1D8-498C-8ED8-2E8E907D3645}.Debug|x86.ActiveCfg = Debug|Any CPU
		{98A1176A-D1D8-498C-8ED8-2E8E907D3645}.Debug|x86.Build.0 = Debug|Any CPU
		{98A1176A-D1D8-498C-8ED8-2E8E907D3645}.Release|Any CPU.ActiveCfg = Release|Any CPU
		{98A1176A-D1D8-498C-8ED8-2E8E907D3645}.Release|Any CPU.Build.0 = Release|Any CPU
		{98A1176A-D1D8-498C-8ED8-2E8E907D3645}.Release|x64.ActiveCfg = Release|Any CPU
		{98A1176A-D1D8-498C-8ED8-2E8E907D3645}.Release|x64.Build.0 = Release|Any CPU
		{98A1176A-D1D8-498C-8ED8-2E8E907D3645}.Release|x86.ActiveCfg = Release|Any CPU
		{98A1176A-D1D8-498C-8ED8-2E8E907D3645}.Release|x86.Build.0 = Release|Any CPU
		{29D83DF1-C0BA-40DD-B612-F21FBF4E95FC}.Debug|Any CPU.ActiveCfg = Debug|Any CPU
		{29D83DF1-C0BA-40DD-B612-F21FBF4E95FC}.Debug|Any CPU.Build.0 = Debug|Any CPU
		{29D83DF1-C0BA-40DD-B612-F21FBF4E95FC}.Debug|x64.ActiveCfg = Debug|Any CPU
		{29D83DF1-C0BA-40DD-B612-F21FBF4E95FC}.Debug|x64.Build.0 = Debug|Any CPU
		{29D83DF1-C0BA-40DD-B612-F21FBF4E95FC}.Debug|x86.ActiveCfg = Debug|Any CPU
		{29D83DF1-C0BA-40DD-B612-F21FBF4E95FC}.Debug|x86.Build.0 = Debug|Any CPU
		{29D83DF1-C0BA-40DD-B612-F21FBF4E95FC}.Release|Any CPU.ActiveCfg = Release|Any CPU
		{29D83DF1-C0BA-40DD-B612-F21FBF4E95FC}.Release|Any CPU.Build.0 = Release|Any CPU
		{29D83DF1-C0BA-40DD-B612-F21FBF4E95FC}.Release|x64.ActiveCfg = Release|Any CPU
		{29D83DF1-C0BA-40DD-B612-F21FBF4E95FC}.Release|x64.Build.0 = Release|Any CPU
		{29D83DF1-C0BA-40DD-B612-F21FBF4E95FC}.Release|x86.ActiveCfg = Release|Any CPU
		{29D83DF1-C0BA-40DD-B612-F21FBF4E95FC}.Release|x86.Build.0 = Release|Any CPU
		{D7825D0C-9395-4931-85D4-FF7366FFE06C}.Debug|Any CPU.ActiveCfg = Debug|Any CPU
		{D7825D0C-9395-4931-85D4-FF7366FFE06C}.Debug|Any CPU.Build.0 = Debug|Any CPU
		{D7825D0C-9395-4931-85D4-FF7366FFE06C}.Debug|x64.ActiveCfg = Debug|Any CPU
		{D7825D0C-9395-4931-85D4-FF7366FFE06C}.Debug|x64.Build.0 = Debug|Any CPU
		{D7825D0C-9395-4931-85D4-FF7366FFE06C}.Debug|x86.ActiveCfg = Debug|Any CPU
		{D7825D0C-9395-4931-85D4-FF7366FFE06C}.Debug|x86.Build.0 = Debug|Any CPU
		{D7825D0C-9395-4931-85D4-FF7366FFE06C}.Release|Any CPU.ActiveCfg = Release|Any CPU
		{D7825D0C-9395-4931-85D4-FF7366FFE06C}.Release|Any CPU.Build.0 = Release|Any CPU
		{D7825D0C-9395-4931-85D4-FF7366FFE06C}.Release|x64.ActiveCfg = Release|Any CPU
		{D7825D0C-9395-4931-85D4-FF7366FFE06C}.Release|x64.Build.0 = Release|Any CPU
		{D7825D0C-9395-4931-85D4-FF7366FFE06C}.Release|x86.ActiveCfg = Release|Any CPU
		{D7825D0C-9395-4931-85D4-FF7366FFE06C}.Release|x86.Build.0 = Release|Any CPU
		{27662251-6C2C-48BB-A40E-25221598BBF7}.Debug|Any CPU.ActiveCfg = Debug|Any CPU
		{27662251-6C2C-48BB-A40E-25221598BBF7}.Debug|Any CPU.Build.0 = Debug|Any CPU
		{27662251-6C2C-48BB-A40E-25221598BBF7}.Debug|x64.ActiveCfg = Debug|Any CPU
		{27662251-6C2C-48BB-A40E-25221598BBF7}.Debug|x64.Build.0 = Debug|Any CPU
		{27662251-6C2C-48BB-A40E-25221598BBF7}.Debug|x86.ActiveCfg = Debug|Any CPU
		{27662251-6C2C-48BB-A40E-25221598BBF7}.Debug|x86.Build.0 = Debug|Any CPU
		{27662251-6C2C-48BB-A40E-25221598BBF7}.Release|Any CPU.ActiveCfg = Release|Any CPU
		{27662251-6C2C-48BB-A40E-25221598BBF7}.Release|Any CPU.Build.0 = Release|Any CPU
		{27662251-6C2C-48BB-A40E-25221598BBF7}.Release|x64.ActiveCfg = Release|Any CPU
		{27662251-6C2C-48BB-A40E-25221598BBF7}.Release|x64.Build.0 = Release|Any CPU
		{27662251-6C2C-48BB-A40E-25221598BBF7}.Release|x86.ActiveCfg = Release|Any CPU
		{27662251-6C2C-48BB-A40E-25221598BBF7}.Release|x86.Build.0 = Release|Any CPU
		{3E63BB0D-45F6-4924-9F31-A1D7ED90E2FB}.Debug|Any CPU.ActiveCfg = Debug|Any CPU
		{3E63BB0D-45F6-4924-9F31-A1D7ED90E2FB}.Debug|Any CPU.Build.0 = Debug|Any CPU
		{3E63BB0D-45F6-4924-9F31-A1D7ED90E2FB}.Debug|x64.ActiveCfg = Debug|Any CPU
		{3E63BB0D-45F6-4924-9F31-A1D7ED90E2FB}.Debug|x64.Build.0 = Debug|Any CPU
		{3E63BB0D-45F6-4924-9F31-A1D7ED90E2FB}.Debug|x86.ActiveCfg = Debug|Any CPU
		{3E63BB0D-45F6-4924-9F31-A1D7ED90E2FB}.Debug|x86.Build.0 = Debug|Any CPU
		{3E63BB0D-45F6-4924-9F31-A1D7ED90E2FB}.Release|Any CPU.ActiveCfg = Release|Any CPU
		{3E63BB0D-45F6-4924-9F31-A1D7ED90E2FB}.Release|Any CPU.Build.0 = Release|Any CPU
		{3E63BB0D-45F6-4924-9F31-A1D7ED90E2FB}.Release|x64.ActiveCfg = Release|Any CPU
		{3E63BB0D-45F6-4924-9F31-A1D7ED90E2FB}.Release|x64.Build.0 = Release|Any CPU
		{3E63BB0D-45F6-4924-9F31-A1D7ED90E2FB}.Release|x86.ActiveCfg = Release|Any CPU
		{3E63BB0D-45F6-4924-9F31-A1D7ED90E2FB}.Release|x86.Build.0 = Release|Any CPU
	EndGlobalSection
	GlobalSection(SolutionProperties) = preSolution
		HideSolutionNode = FALSE
	EndGlobalSection
	GlobalSection(NestedProjects) = preSolution
		{90298CBA-BD6F-3A0A-69D5-97CAD7B05E7E} = {827E0CD3-B72D-47B6-A68D-7590B98EB39B}
		{6C372B4D-5963-4C52-AD4D-F90FBEE76373} = {90298CBA-BD6F-3A0A-69D5-97CAD7B05E7E}
		{3735F839-AF20-47E3-BE77-33CB666E9651} = {90298CBA-BD6F-3A0A-69D5-97CAD7B05E7E}
		{F263B989-3EC6-4ACF-9AD5-11B3495EC115} = {90298CBA-BD6F-3A0A-69D5-97CAD7B05E7E}
		{FFBE31B8-50B9-B415-22BC-2F92C97CADA3} = {827E0CD3-B72D-47B6-A68D-7590B98EB39B}
		{8B53FA80-CD0B-49C7-8E7F-48FD5E5E8413} = {FFBE31B8-50B9-B415-22BC-2F92C97CADA3}
		{C79C3622-AC92-5B3C-4F71-0BD0E7B3816F} = {827E0CD3-B72D-47B6-A68D-7590B98EB39B}
		{536EBFF5-7678-4AFE-AD08-A417CB56A21C} = {C79C3622-AC92-5B3C-4F71-0BD0E7B3816F}
		{EC447DCF-ABFA-6E24-52A5-D7FD48A5C558} = {827E0CD3-B72D-47B6-A68D-7590B98EB39B}
		{A7A8C8C9-A015-398C-4A8F-19265327087F} = {EC447DCF-ABFA-6E24-52A5-D7FD48A5C558}
		{E6860213-59F3-4121-9FC2-9547EA5462A9} = {A7A8C8C9-A015-398C-4A8F-19265327087F}
		{F03E5F25-8885-4E7B-9E98-A054F0BC6088} = {A7A8C8C9-A015-398C-4A8F-19265327087F}
		{67DD531B-4EC9-4032-AE92-9ECFC7516290} = {A7A8C8C9-A015-398C-4A8F-19265327087F}
		{52553F1D-79D7-FB0E-FF99-50A2880A22BC} = {EC447DCF-ABFA-6E24-52A5-D7FD48A5C558}
		{24BD4C5E-8BCA-4EC2-B802-056B25676183} = {52553F1D-79D7-FB0E-FF99-50A2880A22BC}
		{C42D2DC8-FD35-47AD-BA6B-2AD034F65E4B} = {52553F1D-79D7-FB0E-FF99-50A2880A22BC}
		{EF857CEF-7154-4400-8C26-8FB85CDDEDF8} = {52553F1D-79D7-FB0E-FF99-50A2880A22BC}
		{DD990E86-DA83-A215-8BEB-0957C9BDCD04} = {EC447DCF-ABFA-6E24-52A5-D7FD48A5C558}
		{A74A91E0-1556-40FA-ACDD-C3DD92A26138} = {DD990E86-DA83-A215-8BEB-0957C9BDCD04}
		{C4679284-C632-4A0A-A569-CBB78FBC44CA} = {DD990E86-DA83-A215-8BEB-0957C9BDCD04}
		{D817AB11-27C9-4CED-AC52-FDB8BFD48A9A} = {DD990E86-DA83-A215-8BEB-0957C9BDCD04}
		{BEB4BCE9-D636-BA23-FC0E-0EAEFFEC96F1} = {EC447DCF-ABFA-6E24-52A5-D7FD48A5C558}
		{2910426F-4CF0-4BAC-B328-FD14368F3FAF} = {BEB4BCE9-D636-BA23-FC0E-0EAEFFEC96F1}
		{ADFEEDD7-3595-43D6-9E86-29B0FC9F5F33} = {BEB4BCE9-D636-BA23-FC0E-0EAEFFEC96F1}
		{8B8C7C75-DDC9-4770-A6DB-BF3073A721D2} = {BEB4BCE9-D636-BA23-FC0E-0EAEFFEC96F1}
		{3DF52DA8-B83D-8D2B-4D21-700587FC75DB} = {EC447DCF-ABFA-6E24-52A5-D7FD48A5C558}
		{E49C7D93-24ED-484F-BB64-8A6DBE7B5026} = {3DF52DA8-B83D-8D2B-4D21-700587FC75DB}
		{104AD330-C6C8-42C3-BF39-77076C567BB9} = {3DF52DA8-B83D-8D2B-4D21-700587FC75DB}
		{B58658D9-C7F7-43A6-9B5C-DE79E503645B} = {3DF52DA8-B83D-8D2B-4D21-700587FC75DB}
		{9193A513-C9A7-7C00-9C5C-879F87873F6E} = {EC447DCF-ABFA-6E24-52A5-D7FD48A5C558}
		{C3C28558-2102-47E0-80E5-BE54B13492BB} = {9193A513-C9A7-7C00-9C5C-879F87873F6E}
		{3AC208F1-BD66-4DD3-BAF3-66B3358FEA60} = {9193A513-C9A7-7C00-9C5C-879F87873F6E}
		{71BB007A-BA53-421C-943C-26EC2C7A0AA2} = {9193A513-C9A7-7C00-9C5C-879F87873F6E}
		{A26F344D-182E-CE53-AD51-2154946AC6F3} = {EC447DCF-ABFA-6E24-52A5-D7FD48A5C558}
		{98A1176A-D1D8-498C-8ED8-2E8E907D3645} = {A26F344D-182E-CE53-AD51-2154946AC6F3}
		{29D83DF1-C0BA-40DD-B612-F21FBF4E95FC} = {A26F344D-182E-CE53-AD51-2154946AC6F3}
		{D7825D0C-9395-4931-85D4-FF7366FFE06C} = {A26F344D-182E-CE53-AD51-2154946AC6F3}
		{27662251-6C2C-48BB-A40E-25221598BBF7} = {0AB3BF05-4346-4AA6-1389-037BE0695223}
		{3E63BB0D-45F6-4924-9F31-A1D7ED90E2FB} = {0AB3BF05-4346-4AA6-1389-037BE0695223}
	EndGlobalSection
	GlobalSection(ExtensibilityGlobals) = postSolution
		SolutionGuid = {8C4AAB73-E1E5-4C46-98E1-A0E94CA976A3}
	EndGlobalSection
EndGlobal
